// !$*UTF8*$!
{
	archiveVersion = 1;
	classes = {
	};
	objectVersion = 50;
	objects = {

/* Begin PBXBuildFile section */
		281F41C825CA520D00840D89 /* AppDelegate.swift in Sources */ = {isa = PBXBuildFile; fileRef = 281F41C725CA520D00840D89 /* AppDelegate.swift */; };
		281F41CA25CA520D00840D89 /* SceneDelegate.swift in Sources */ = {isa = PBXBuildFile; fileRef = 281F41C925CA520D00840D89 /* SceneDelegate.swift */; };
		281F41CC25CA520D00840D89 /* ViewController.swift in Sources */ = {isa = PBXBuildFile; fileRef = 281F41CB25CA520D00840D89 /* ViewController.swift */; };
		281F41CF25CA520D00840D89 /* Main.storyboard in Resources */ = {isa = PBXBuildFile; fileRef = 281F41CD25CA520D00840D89 /* Main.storyboard */; };
		281F41D125CA520E00840D89 /* Assets.xcassets in Resources */ = {isa = PBXBuildFile; fileRef = 281F41D025CA520E00840D89 /* Assets.xcassets */; };
		281F41D425CA520E00840D89 /* LaunchScreen.storyboard in Resources */ = {isa = PBXBuildFile; fileRef = 281F41D225CA520E00840D89 /* LaunchScreen.storyboard */; };
		28462F4225D9994100033DC6 /* UIStackView+.swift in Sources */ = {isa = PBXBuildFile; fileRef = 28462F4125D9994100033DC6 /* UIStackView+.swift */; };
		28D595F625D9A4A90070D1FE /* UIColor+.swift in Sources */ = {isa = PBXBuildFile; fileRef = 28D595F525D9A4A90070D1FE /* UIColor+.swift */; };
		28F18EBE25D8C66B0093034B /* DiceBag.swift in Sources */ = {isa = PBXBuildFile; fileRef = 28F18EBD25D8C66B0093034B /* DiceBag.swift */; };
/* End PBXBuildFile section */

/* Begin PBXFileReference section */
		281F41C425CA520D00840D89 /* Successes.app */ = {isa = PBXFileReference; explicitFileType = wrapper.application; includeInIndex = 0; path = Successes.app; sourceTree = BUILT_PRODUCTS_DIR; };
		281F41C725CA520D00840D89 /* AppDelegate.swift */ = {isa = PBXFileReference; lastKnownFileType = sourcecode.swift; path = AppDelegate.swift; sourceTree = "<group>"; };
		281F41C925CA520D00840D89 /* SceneDelegate.swift */ = {isa = PBXFileReference; lastKnownFileType = sourcecode.swift; path = SceneDelegate.swift; sourceTree = "<group>"; };
		281F41CB25CA520D00840D89 /* ViewController.swift */ = {isa = PBXFileReference; lastKnownFileType = sourcecode.swift; path = ViewController.swift; sourceTree = "<group>"; };
		281F41CE25CA520D00840D89 /* Base */ = {isa = PBXFileReference; lastKnownFileType = file.storyboard; name = Base; path = Base.lproj/Main.storyboard; sourceTree = "<group>"; };
		281F41D025CA520E00840D89 /* Assets.xcassets */ = {isa = PBXFileReference; lastKnownFileType = folder.assetcatalog; path = Assets.xcassets; sourceTree = "<group>"; };
		281F41D325CA520E00840D89 /* Base */ = {isa = PBXFileReference; lastKnownFileType = file.storyboard; name = Base; path = Base.lproj/LaunchScreen.storyboard; sourceTree = "<group>"; };
		281F41D525CA520E00840D89 /* Info.plist */ = {isa = PBXFileReference; lastKnownFileType = text.plist.xml; path = Info.plist; sourceTree = "<group>"; };
		28462F4125D9994100033DC6 /* UIStackView+.swift */ = {isa = PBXFileReference; lastKnownFileType = sourcecode.swift; path = "UIStackView+.swift"; sourceTree = "<group>"; };
		28D595F525D9A4A90070D1FE /* UIColor+.swift */ = {isa = PBXFileReference; lastKnownFileType = sourcecode.swift; path = "UIColor+.swift"; sourceTree = "<group>"; };
		28F18EBD25D8C66B0093034B /* DiceBag.swift */ = {isa = PBXFileReference; lastKnownFileType = sourcecode.swift; path = DiceBag.swift; sourceTree = "<group>"; };
/* End PBXFileReference section */

/* Begin PBXFrameworksBuildPhase section */
		281F41C125CA520C00840D89 /* Frameworks */ = {
			isa = PBXFrameworksBuildPhase;
			buildActionMask = 2147483647;
			files = (
			);
			runOnlyForDeploymentPostprocessing = 0;
		};
/* End PBXFrameworksBuildPhase section */

/* Begin PBXGroup section */
		281F41BB25CA520C00840D89 = {
			isa = PBXGroup;
			children = (
				281F41C625CA520D00840D89 /* Successes */,
				281F41C525CA520D00840D89 /* Products */,
			);
			sourceTree = "<group>";
		};
		281F41C525CA520D00840D89 /* Products */ = {
			isa = PBXGroup;
			children = (
				281F41C425CA520D00840D89 /* Successes.app */,
			);
			name = Products;
			sourceTree = "<group>";
		};
		281F41C625CA520D00840D89 /* Successes */ = {
			isa = PBXGroup;
			children = (
				281F41C725CA520D00840D89 /* AppDelegate.swift */,
				281F41C925CA520D00840D89 /* SceneDelegate.swift */,
				281F41CB25CA520D00840D89 /* ViewController.swift */,
				281F41CD25CA520D00840D89 /* Main.storyboard */,
				281F41D025CA520E00840D89 /* Assets.xcassets */,
				28F18EBD25D8C66B0093034B /* DiceBag.swift */,
				28D595F525D9A4A90070D1FE /* UIColor+.swift */,
				28462F4125D9994100033DC6 /* UIStackView+.swift */,
				281F41D225CA520E00840D89 /* LaunchScreen.storyboard */,
				281F41D525CA520E00840D89 /* Info.plist */,
			);
			path = Successes;
			sourceTree = "<group>";
		};
/* End PBXGroup section */

/* Begin PBXNativeTarget section */
		281F41C325CA520C00840D89 /* Successes */ = {
			isa = PBXNativeTarget;
			buildConfigurationList = 281F41D825CA520E00840D89 /* Build configuration list for PBXNativeTarget "Successes" */;
			buildPhases = (
				281F41C025CA520C00840D89 /* Sources */,
				281F41C125CA520C00840D89 /* Frameworks */,
				281F41C225CA520C00840D89 /* Resources */,
			);
			buildRules = (
			);
			dependencies = (
			);
			name = Successes;
			productName = Successes;
			productReference = 281F41C425CA520D00840D89 /* Successes.app */;
			productType = "com.apple.product-type.application";
		};
/* End PBXNativeTarget section */

/* Begin PBXProject section */
		281F41BC25CA520C00840D89 /* Project object */ = {
			isa = PBXProject;
			attributes = {
				LastSwiftUpdateCheck = 1240;
				LastUpgradeCheck = 1240;
				TargetAttributes = {
					281F41C325CA520C00840D89 = {
						CreatedOnToolsVersion = 12.4;
					};
				};
			};
			buildConfigurationList = 281F41BF25CA520C00840D89 /* Build configuration list for PBXProject "Successes" */;
			compatibilityVersion = "Xcode 9.3";
			developmentRegion = en;
			hasScannedForEncodings = 0;
			knownRegions = (
				en,
				Base,
			);
			mainGroup = 281F41BB25CA520C00840D89;
			productRefGroup = 281F41C525CA520D00840D89 /* Products */;
			projectDirPath = "";
			projectRoot = "";
			targets = (
				281F41C325CA520C00840D89 /* Successes */,
			);
		};
/* End PBXProject section */

/* Begin PBXResourcesBuildPhase section */
		281F41C225CA520C00840D89 /* Resources */ = {
			isa = PBXResourcesBuildPhase;
			buildActionMask = 2147483647;
			files = (
				281F41D425CA520E00840D89 /* LaunchScreen.storyboard in Resources */,
				281F41D125CA520E00840D89 /* Assets.xcassets in Resources */,
				281F41CF25CA520D00840D89 /* Main.storyboard in Resources */,
			);
			runOnlyForDeploymentPostprocessing = 0;
		};
/* End PBXResourcesBuildPhase section */

/* Begin PBXSourcesBuildPhase section */
		281F41C025CA520C00840D89 /* Sources */ = {
			isa = PBXSourcesBuildPhase;
			buildActionMask = 2147483647;
			files = (
				28462F4225D9994100033DC6 /* UIStackView+.swift in Sources */,
				281F41CC25CA520D00840D89 /* ViewController.swift in Sources */,
				281F41C825CA520D00840D89 /* AppDelegate.swift in Sources */,
				281F41CA25CA520D00840D89 /* SceneDelegate.swift in Sources */,
				28F18EBE25D8C66B0093034B /* DiceBag.swift in Sources */,
				28D595F625D9A4A90070D1FE /* UIColor+.swift in Sources */,
			);
			runOnlyForDeploymentPostprocessing = 0;
		};
/* End PBXSourcesBuildPhase section */

/* Begin PBXVariantGroup section */
		281F41CD25CA520D00840D89 /* Main.storyboard */ = {
			isa = PBXVariantGroup;
			children = (
				281F41CE25CA520D00840D89 /* Base */,
			);
			name = Main.storyboard;
			sourceTree = "<group>";
		};
		281F41D225CA520E00840D89 /* LaunchScreen.storyboard */ = {
			isa = PBXVariantGroup;
			children = (
				281F41D325CA520E00840D89 /* Base */,
			);
			name = LaunchScreen.storyboard;
			sourceTree = "<group>";
		};
/* End PBXVariantGroup section */

/* Begin XCBuildConfiguration section */
		281F41D625CA520E00840D89 /* Debug */ = {
			isa = XCBuildConfiguration;
			buildSettings = {
				ALWAYS_SEARCH_USER_PATHS = NO;
				CLANG_ANALYZER_NONNULL = YES;
				CLANG_ANALYZER_NUMBER_OBJECT_CONVERSION = YES_AGGRESSIVE;
				CLANG_CXX_LANGUAGE_STANDARD = "gnu++14";
				CLANG_CXX_LIBRARY = "libc++";
				CLANG_ENABLE_MODULES = YES;
				CLANG_ENABLE_OBJC_ARC = YES;
				CLANG_ENABLE_OBJC_WEAK = YES;
				CLANG_WARN_BLOCK_CAPTURE_AUTORELEASING = YES;
				CLANG_WARN_BOOL_CONVERSION = YES;
				CLANG_WARN_COMMA = YES;
				CLANG_WARN_CONSTANT_CONVERSION = YES;
				CLANG_WARN_DEPRECATED_OBJC_IMPLEMENTATIONS = YES;
				CLANG_WARN_DIRECT_OBJC_ISA_USAGE = YES_ERROR;
				CLANG_WARN_DOCUMENTATION_COMMENTS = YES;
				CLANG_WARN_EMPTY_BODY = YES;
				CLANG_WARN_ENUM_CONVERSION = YES;
				CLANG_WARN_INFINITE_RECURSION = YES;
				CLANG_WARN_INT_CONVERSION = YES;
				CLANG_WARN_NON_LITERAL_NULL_CONVERSION = YES;
				CLANG_WARN_OBJC_IMPLICIT_RETAIN_SELF = YES;
				CLANG_WARN_OBJC_LITERAL_CONVERSION = YES;
				CLANG_WARN_OBJC_ROOT_CLASS = YES_ERROR;
				CLANG_WARN_QUOTED_INCLUDE_IN_FRAMEWORK_HEADER = YES;
				CLANG_WARN_RANGE_LOOP_ANALYSIS = YES;
				CLANG_WARN_STRICT_PROTOTYPES = YES;
				CLANG_WARN_SUSPICIOUS_MOVE = YES;
				CLANG_WARN_UNGUARDED_AVAILABILITY = YES_AGGRESSIVE;
				CLANG_WARN_UNREACHABLE_CODE = YES;
				CLANG_WARN__DUPLICATE_METHOD_MATCH = YES;
				COPY_PHASE_STRIP = NO;
				DEBUG_INFORMATION_FORMAT = dwarf;
				ENABLE_STRICT_OBJC_MSGSEND = YES;
				ENABLE_TESTABILITY = YES;
				GCC_C_LANGUAGE_STANDARD = gnu11;
				GCC_DYNAMIC_NO_PIC = NO;
				GCC_NO_COMMON_BLOCKS = YES;
				GCC_OPTIMIZATION_LEVEL = 0;
				GCC_PREPROCESSOR_DEFINITIONS = (
					"DEBUG=1",
					"$(inherited)",
				);
				GCC_WARN_64_TO_32_BIT_CONVERSION = YES;
				GCC_WARN_ABOUT_RETURN_TYPE = YES_ERROR;
				GCC_WARN_UNDECLARED_SELECTOR = YES;
				GCC_WARN_UNINITIALIZED_AUTOS = YES_AGGRESSIVE;
				GCC_WARN_UNUSED_FUNCTION = YES;
				GCC_WARN_UNUSED_VARIABLE = YES;
				IPHONEOS_DEPLOYMENT_TARGET = 14.4;
				MTL_ENABLE_DEBUG_INFO = INCLUDE_SOURCE;
				MTL_FAST_MATH = YES;
				ONLY_ACTIVE_ARCH = YES;
				SDKROOT = iphoneos;
				SWIFT_ACTIVE_COMPILATION_CONDITIONS = DEBUG;
				SWIFT_OPTIMIZATION_LEVEL = "-Onone";
			};
			name = Debug;
		};
		281F41D725CA520E00840D89 /* Release */ = {
			isa = XCBuildConfiguration;
			buildSettings = {
				ALWAYS_SEARCH_USER_PATHS = NO;
				CLANG_ANALYZER_NONNULL = YES;
				CLANG_ANALYZER_NUMBER_OBJECT_CONVERSION = YES_AGGRESSIVE;
				CLANG_CXX_LANGUAGE_STANDARD = "gnu++14";
				CLANG_CXX_LIBRARY = "libc++";
				CLANG_ENABLE_MODULES = YES;
				CLANG_ENABLE_OBJC_ARC = YES;
				CLANG_ENABLE_OBJC_WEAK = YES;
				CLANG_WARN_BLOCK_CAPTURE_AUTORELEASING = YES;
				CLANG_WARN_BOOL_CONVERSION = YES;
				CLANG_WARN_COMMA = YES;
				CLANG_WARN_CONSTANT_CONVERSION = YES;
				CLANG_WARN_DEPRECATED_OBJC_IMPLEMENTATIONS = YES;
				CLANG_WARN_DIRECT_OBJC_ISA_USAGE = YES_ERROR;
				CLANG_WARN_DOCUMENTATION_COMMENTS = YES;
				CLANG_WARN_EMPTY_BODY = YES;
				CLANG_WARN_ENUM_CONVERSION = YES;
				CLANG_WARN_INFINITE_RECURSION = YES;
				CLANG_WARN_INT_CONVERSION = YES;
				CLANG_WARN_NON_LITERAL_NULL_CONVERSION = YES;
				CLANG_WARN_OBJC_IMPLICIT_RETAIN_SELF = YES;
				CLANG_WARN_OBJC_LITERAL_CONVERSION = YES;
				CLANG_WARN_OBJC_ROOT_CLASS = YES_ERROR;
				CLANG_WARN_QUOTED_INCLUDE_IN_FRAMEWORK_HEADER = YES;
				CLANG_WARN_RANGE_LOOP_ANALYSIS = YES;
				CLANG_WARN_STRICT_PROTOTYPES = YES;
				CLANG_WARN_SUSPICIOUS_MOVE = YES;
				CLANG_WARN_UNGUARDED_AVAILABILITY = YES_AGGRESSIVE;
				CLANG_WARN_UNREACHABLE_CODE = YES;
				CLANG_WARN__DUPLICATE_METHOD_MATCH = YES;
				COPY_PHASE_STRIP = NO;
				DEBUG_INFORMATION_FORMAT = "dwarf-with-dsym";
				ENABLE_NS_ASSERTIONS = NO;
				ENABLE_STRICT_OBJC_MSGSEND = YES;
				GCC_C_LANGUAGE_STANDARD = gnu11;
				GCC_NO_COMMON_BLOCKS = YES;
				GCC_WARN_64_TO_32_BIT_CONVERSION = YES;
				GCC_WARN_ABOUT_RETURN_TYPE = YES_ERROR;
				GCC_WARN_UNDECLARED_SELECTOR = YES;
				GCC_WARN_UNINITIALIZED_AUTOS = YES_AGGRESSIVE;
				GCC_WARN_UNUSED_FUNCTION = YES;
				GCC_WARN_UNUSED_VARIABLE = YES;
				IPHONEOS_DEPLOYMENT_TARGET = 14.4;
				MTL_ENABLE_DEBUG_INFO = NO;
				MTL_FAST_MATH = YES;
				SDKROOT = iphoneos;
				SWIFT_COMPILATION_MODE = wholemodule;
				SWIFT_OPTIMIZATION_LEVEL = "-O";
				VALIDATE_PRODUCT = YES;
			};
			name = Release;
		};
		281F41D925CA520E00840D89 /* Debug */ = {
			isa = XCBuildConfiguration;
			buildSettings = {
				ASSETCATALOG_COMPILER_APPICON_NAME = AppIcon;
				ASSETCATALOG_COMPILER_GLOBAL_ACCENT_COLOR_NAME = AccentColor;
				CODE_SIGN_STYLE = Automatic;
				DEVELOPMENT_TEAM = 56MB68UYDC;
				INFOPLIST_FILE = Successes/Info.plist;
				LD_RUNPATH_SEARCH_PATHS = (
					"$(inherited)",
					"@executable_path/Frameworks",
				);
				PRODUCT_BUNDLE_IDENTIFIER = com.tiltowait.Successes;
				PRODUCT_NAME = "$(TARGET_NAME)";
				SWIFT_VERSION = 5.0;
				TARGETED_DEVICE_FAMILY = "1,2";
			};
			name = Debug;
		};
		281F41DA25CA520E00840D89 /* Release */ = {
			isa = XCBuildConfiguration;
			buildSettings = {
				ASSETCATALOG_COMPILER_APPICON_NAME = AppIcon;
				ASSETCATALOG_COMPILER_GLOBAL_ACCENT_COLOR_NAME = AccentColor;
				CODE_SIGN_STYLE = Automatic;
				DEVELOPMENT_TEAM = 56MB68UYDC;
				INFOPLIST_FILE = Successes/Info.plist;
				LD_RUNPATH_SEARCH_PATHS = (
					"$(inherited)",
					"@executable_path/Frameworks",
				);
				PRODUCT_BUNDLE_IDENTIFIER = com.tiltowait.Successes;
				PRODUCT_NAME = "$(TARGET_NAME)";
				SWIFT_VERSION = 5.0;
				TARGETED_DEVICE_FAMILY = "1,2";
			};
			name = Release;
		};
/* End XCBuildConfiguration section */

/* Begin XCConfigurationList section */
		281F41BF25CA520C00840D89 /* Build configuration list for PBXProject "Successes" */ = {
			isa = XCConfigurationList;
			buildConfigurations = (
				281F41D625CA520E00840D89 /* Debug */,
				281F41D725CA520E00840D89 /* Release */,
			);
			defaultConfigurationIsVisible = 0;
			defaultConfigurationName = Release;
		};
		281F41D825CA520E00840D89 /* Build configuration list for PBXNativeTarget "Successes" */ = {
			isa = XCConfigurationList;
			buildConfigurations = (
				281F41D925CA520E00840D89 /* Debug */,
				281F41DA25CA520E00840D89 /* Release */,
			);
			defaultConfigurationIsVisible = 0;
			defaultConfigurationName = Release;
		};
/* End XCConfigurationList section */
	};
	rootObject = 281F41BC25CA520C00840D89 /* Project object */;
}
